
Microsoft Visual Studio Solution File, Format Version 12.00
# Visual Studio Version 17
VisualStudioVersion = 17.9.34728.123
MinimumVisualStudioVersion = 10.0.40219.1
Project("{FAE04EC0-301F-11D3-BF4B-00C04F79EFBC}") = "Dragon Fighting Game", "Dragon Fighting Game\Dragon Fighting Game.csproj", "{0D0A85DF-69B9-47D7-9FD2-13E267ECAB40}"
EndProject
Global
	GlobalSection(SolutionConfigurationPlatforms) = preSolution
		Debug|Any CPU = Debug|Any CPU
		Release|Any CPU = Release|Any CPU
	EndGlobalSection
	GlobalSection(ProjectConfigurationPlatforms) = postSolution
		{0D0A85DF-69B9-47D7-9FD2-13E267ECAB40}.Debug|Any CPU.ActiveCfg = Debug|Any CPU
		{0D0A85DF-69B9-47D7-9FD2-13E267ECAB40}.Debug|Any CPU.Build.0 = Debug|Any CPU
		{0D0A85DF-69B9-47D7-9FD2-13E267ECAB40}.Release|Any CPU.ActiveCfg = Release|Any CPU
		{0D0A85DF-69B9-47D7-9FD2-13E267ECAB40}.Release|Any CPU.Build.0 = Release|Any CPU
	EndGlobalSection
	GlobalSection(SolutionProperties) = preSolution
		HideSolutionNode = FALSE
	EndGlobalSection
	GlobalSection(ExtensibilityGlobals) = postSolution
		SolutionGuid = {22FCCFB1-25B1-4D8A-890B-F501555D755F}
	EndGlobalSection
EndGlobal
